// !$*UTF8*$!
{
	archiveVersion = 1;
	classes = {
	};
	objectVersion = 46;
	objects = {

/* Begin PBXBuildFile section */
		C09673C51B9CA21600A3C66A /* AppDelegate.swift in Sources */ = {isa = PBXBuildFile; fileRef = C09673C41B9CA21600A3C66A /* AppDelegate.swift */; };
		C09673C71B9CA21600A3C66A /* ViewController.swift in Sources */ = {isa = PBXBuildFile; fileRef = C09673C61B9CA21600A3C66A /* ViewController.swift */; };
		C09673CA1B9CA21600A3C66A /* Main.storyboard in Resources */ = {isa = PBXBuildFile; fileRef = C09673C81B9CA21600A3C66A /* Main.storyboard */; };
		C09673CC1B9CA21600A3C66A /* Images.xcassets in Resources */ = {isa = PBXBuildFile; fileRef = C09673CB1B9CA21600A3C66A /* Images.xcassets */; };
		C09673CF1B9CA21700A3C66A /* LaunchScreen.xib in Resources */ = {isa = PBXBuildFile; fileRef = C09673CD1B9CA21700A3C66A /* LaunchScreen.xib */; };
		C09673DB1B9CA21700A3C66A /* EasyShareTests.swift in Sources */ = {isa = PBXBuildFile; fileRef = C09673DA1B9CA21700A3C66A /* EasyShareTests.swift */; };
		C09673E51B9CAF0200A3C66A /* Social.framework in Frameworks */ = {isa = PBXBuildFile; fileRef = C09673E41B9CAF0200A3C66A /* Social.framework */; };
/* End PBXBuildFile section */

/* Begin PBXContainerItemProxy section */
		C09673D51B9CA21700A3C66A /* PBXContainerItemProxy */ = {
			isa = PBXContainerItemProxy;
			containerPortal = C09673B71B9CA21600A3C66A /* Project object */;
			proxyType = 1;
			remoteGlobalIDString = C09673BE1B9CA21600A3C66A;
			remoteInfo = EasyShare;
		};
/* End PBXContainerItemProxy section */

/* Begin PBXFileReference section */
		C09673BF1B9CA21600A3C66A /* EasyShare.app */ = {isa = PBXFileReference; explicitFileType = wrapper.application; includeInIndex = 0; path = EasyShare.app; sourceTree = BUILT_PRODUCTS_DIR; };
		C09673C31B9CA21600A3C66A /* Info.plist */ = {isa = PBXFileReference; lastKnownFileType = text.plist.xml; path = Info.plist; sourceTree = "<group>"; };
		C09673C41B9CA21600A3C66A /* AppDelegate.swift */ = {isa = PBXFileReference; lastKnownFileType = sourcecode.swift; path = AppDelegate.swift; sourceTree = "<group>"; };
		C09673C61B9CA21600A3C66A /* ViewController.swift */ = {isa = PBXFileReference; lastKnownFileType = sourcecode.swift; path = ViewController.swift; sourceTree = "<group>"; };
		C09673C91B9CA21600A3C66A /* Base */ = {isa = PBXFileReference; lastKnownFileType = file.storyboard; name = Base; path = Base.lproj/Main.storyboard; sourceTree = "<group>"; };
		C09673CB1B9CA21600A3C66A /* Images.xcassets */ = {isa = PBXFileReference; lastKnownFileType = folder.assetcatalog; path = Images.xcassets; sourceTree = "<group>"; };
		C09673CE1B9CA21700A3C66A /* Base */ = {isa = PBXFileReference; lastKnownFileType = file.xib; name = Base; path = Base.lproj/LaunchScreen.xib; sourceTree = "<group>"; };
		C09673D41B9CA21700A3C66A /* EasyShareTests.xctest */ = {isa = PBXFileReference; explicitFileType = wrapper.cfbundle; includeInIndex = 0; path = EasyShareTests.xctest; sourceTree = BUILT_PRODUCTS_DIR; };
		C09673D91B9CA21700A3C66A /* Info.plist */ = {isa = PBXFileReference; lastKnownFileType = text.plist.xml; path = Info.plist; sourceTree = "<group>"; };
		C09673DA1B9CA21700A3C66A /* EasyShareTests.swift */ = {isa = PBXFileReference; lastKnownFileType = sourcecode.swift; path = EasyShareTests.swift; sourceTree = "<group>"; };
		C09673E41B9CAF0200A3C66A /* Social.framework */ = {isa = PBXFileReference; lastKnownFileType = wrapper.framework; name = Social.framework; path = System/Library/Frameworks/Social.framework; sourceTree = SDKROOT; };
/* End PBXFileReference section */

/* Begin PBXFrameworksBuildPhase section */
		C09673BC1B9CA21600A3C66A /* Frameworks */ = {
			isa = PBXFrameworksBuildPhase;
			buildActionMask = 2147483647;
			files = (
				C09673E51B9CAF0200A3C66A /* Social.framework in Frameworks */,
			);
			runOnlyForDeploymentPostprocessing = 0;
		};
		C09673D11B9CA21700A3C66A /* Frameworks */ = {
			isa = PBXFrameworksBuildPhase;
			buildActionMask = 2147483647;
			files = (
			);
			runOnlyForDeploymentPostprocessing = 0;
		};
/* End PBXFrameworksBuildPhase section */

/* Begin PBXGroup section */
		C09673B61B9CA21600A3C66A = {
			isa = PBXGroup;
			children = (
				C09673E41B9CAF0200A3C66A /* Social.framework */,
				C09673C11B9CA21600A3C66A /* EasyShare */,
				C09673D71B9CA21700A3C66A /* EasyShareTests */,
				C09673C01B9CA21600A3C66A /* Products */,
			);
			sourceTree = "<group>";
		};
		C09673C01B9CA21600A3C66A /* Products */ = {
			isa = PBXGroup;
			children = (
				C09673BF1B9CA21600A3C66A /* EasyShare.app */,
				C09673D41B9CA21700A3C66A /* EasyShareTests.xctest */,
			);
			name = Products;
			sourceTree = "<group>";
		};
		C09673C11B9CA21600A3C66A /* EasyShare */ = {
			isa = PBXGroup;
			children = (
				C09673C41B9CA21600A3C66A /* AppDelegate.swift */,
				C09673C61B9CA21600A3C66A /* ViewController.swift */,
				C09673C81B9CA21600A3C66A /* Main.storyboard */,
				C09673CB1B9CA21600A3C66A /* Images.xcassets */,
				C09673CD1B9CA21700A3C66A /* LaunchScreen.xib */,
				C09673C21B9CA21600A3C66A /* Supporting Files */,
			);
			path = EasyShare;
			sourceTree = "<group>";
		};
		C09673C21B9CA21600A3C66A /* Supporting Files */ = {
			isa = PBXGroup;
			children = (
				C09673C31B9CA21600A3C66A /* Info.plist */,
			);
			name = "Supporting Files";
			sourceTree = "<group>";
		};
		C09673D71B9CA21700A3C66A /* EasyShareTests */ = {
			isa = PBXGroup;
			children = (
				C09673DA1B9CA21700A3C66A /* EasyShareTests.swift */,
				C09673D81B9CA21700A3C66A /* Supporting Files */,
			);
			path = EasyShareTests;
			sourceTree = "<group>";
		};
		C09673D81B9CA21700A3C66A /* Supporting Files */ = {
			isa = PBXGroup;
			children = (
				C09673D91B9CA21700A3C66A /* Info.plist */,
			);
			name = "Supporting Files";
			sourceTree = "<group>";
		};
/* End PBXGroup section */

/* Begin PBXNativeTarget section */
		C09673BE1B9CA21600A3C66A /* EasyShare */ = {
			isa = PBXNativeTarget;
			buildConfigurationList = C09673DE1B9CA21700A3C66A /* Build configuration list for PBXNativeTarget "EasyShare" */;
			buildPhases = (
				C09673BB1B9CA21600A3C66A /* Sources */,
				C09673BC1B9CA21600A3C66A /* Frameworks */,
				C09673BD1B9CA21600A3C66A /* Resources */,
			);
			buildRules = (
			);
			dependencies = (
			);
			name = EasyShare;
			productName = EasyShare;
			productReference = C09673BF1B9CA21600A3C66A /* EasyShare.app */;
			productType = "com.apple.product-type.application";
		};
		C09673D31B9CA21700A3C66A /* EasyShareTests */ = {
			isa = PBXNativeTarget;
			buildConfigurationList = C09673E11B9CA21700A3C66A /* Build configuration list for PBXNativeTarget "EasyShareTests" */;
			buildPhases = (
				C09673D01B9CA21700A3C66A /* Sources */,
				C09673D11B9CA21700A3C66A /* Frameworks */,
				C09673D21B9CA21700A3C66A /* Resources */,
			);
			buildRules = (
			);
			dependencies = (
				C09673D61B9CA21700A3C66A /* PBXTargetDependency */,
			);
			name = EasyShareTests;
			productName = EasyShareTests;
			productReference = C09673D41B9CA21700A3C66A /* EasyShareTests.xctest */;
			productType = "com.apple.product-type.bundle.unit-test";
		};
/* End PBXNativeTarget section */

/* Begin PBXProject section */
		C09673B71B9CA21600A3C66A /* Project object */ = {
			isa = PBXProject;
			attributes = {
				LastSwiftUpdateCheck = 0730;
				LastUpgradeCheck = 0730;
				ORGANIZATIONNAME = Appcoda;
				TargetAttributes = {
					C09673BE1B9CA21600A3C66A = {
						CreatedOnToolsVersion = 6.4;
					};
					C09673D31B9CA21700A3C66A = {
						CreatedOnToolsVersion = 6.4;
						TestTargetID = C09673BE1B9CA21600A3C66A;
					};
				};
			};
			buildConfigurationList = C09673BA1B9CA21600A3C66A /* Build configuration list for PBXProject "EasyShare" */;
			compatibilityVersion = "Xcode 3.2";
			developmentRegion = English;
			hasScannedForEncodings = 0;
			knownRegions = (
				en,
				Base,
			);
			mainGroup = C09673B61B9CA21600A3C66A;
			productRefGroup = C09673C01B9CA21600A3C66A /* Products */;
			projectDirPath = "";
			projectRoot = "";
			targets = (
				C09673BE1B9CA21600A3C66A /* EasyShare */,
				C09673D31B9CA21700A3C66A /* EasyShareTests */,
			);
		};
/* End PBXProject section */

/* Begin PBXResourcesBuildPhase section */
		C09673BD1B9CA21600A3C66A /* Resources */ = {
			isa = PBXResourcesBuildPhase;
			buildActionMask = 2147483647;
			files = (
				C09673CA1B9CA21600A3C66A /* Main.storyboard in Resources */,
				C09673CF1B9CA21700A3C66A /* LaunchScreen.xib in Resources */,
				C09673CC1B9CA21600A3C66A /* Images.xcassets in Resources */,
			);
			runOnlyForDeploymentPostprocessing = 0;
		};
		C09673D21B9CA21700A3C66A /* Resources */ = {
			isa = PBXResourcesBuildPhase;
			buildActionMask = 2147483647;
			files = (
			);
			runOnlyForDeploymentPostprocessing = 0;
		};
/* End PBXResourcesBuildPhase section */

/* Begin PBXSourcesBuildPhase section */
		C09673BB1B9CA21600A3C66A /* Sources */ = {
			isa = PBXSourcesBuildPhase;
			buildActionMask = 2147483647;
			files = (
				C09673C71B9CA21600A3C66A /* ViewController.swift in Sources */,
				C09673C51B9CA21600A3C66A /* AppDelegate.swift in Sources */,
			);
			runOnlyForDeploymentPostprocessing = 0;
		};
		C09673D01B9CA21700A3C66A /* Sources */ = {
			isa = PBXSourcesBuildPhase;
			buildActionMask = 2147483647;
			files = (
				C09673DB1B9CA21700A3C66A /* EasyShareTests.swift in Sources */,
			);
			runOnlyForDeploymentPostprocessing = 0;
		};
/* End PBXSourcesBuildPhase section */

/* Begin PBXTargetDependency section */
		C09673D61B9CA21700A3C66A /* PBXTargetDependency */ = {
			isa = PBXTargetDependency;
			target = C09673BE1B9CA21600A3C66A /* EasyShare */;
			targetProxy = C09673D51B9CA21700A3C66A /* PBXContainerItemProxy */;
		};
/* End PBXTargetDependency section */

/* Begin PBXVariantGroup section */
		C09673C81B9CA21600A3C66A /* Main.storyboard */ = {
			isa = PBXVariantGroup;
			children = (
				C09673C91B9CA21600A3C66A /* Base */,
			);
			name = Main.storyboard;
			sourceTree = "<group>";
		};
		C09673CD1B9CA21700A3C66A /* LaunchScreen.xib */ = {
			isa = PBXVariantGroup;
			children = (
				C09673CE1B9CA21700A3C66A /* Base */,
			);
			name = LaunchScreen.xib;
			sourceTree = "<group>";
		};
/* End PBXVariantGroup section */

/* Begin XCBuildConfiguration section */
		C09673DC1B9CA21700A3C66A /* Debug */ = {
			isa = XCBuildConfiguration;
			buildSettings = {
				ALWAYS_SEARCH_USER_PATHS = NO;
				CLANG_CXX_LANGUAGE_STANDARD = "gnu++0x";
				CLANG_CXX_LIBRARY = "libc++";
				CLANG_ENABLE_MODULES = YES;
				CLANG_ENABLE_OBJC_ARC = YES;
				CLANG_WARN_BOOL_CONVERSION = YES;
				CLANG_WARN_CONSTANT_CONVERSION = YES;
				CLANG_WARN_DIRECT_OBJC_ISA_USAGE = YES_ERROR;
				CLANG_WARN_EMPTY_BODY = YES;
				CLANG_WARN_ENUM_CONVERSION = YES;
				CLANG_WARN_INT_CONVERSION = YES;
				CLANG_WARN_OBJC_ROOT_CLASS = YES_ERROR;
				CLANG_WARN_UNREACHABLE_CODE = YES;
				CLANG_WARN__DUPLICATE_METHOD_MATCH = YES;
				"CODE_SIGN_IDENTITY[sdk=iphoneos*]" = "iPhone Developer";
				COPY_PHASE_STRIP = NO;
				DEBUG_INFORMATION_FORMAT = "dwarf-with-dsym";
				ENABLE_STRICT_OBJC_MSGSEND = YES;
				ENABLE_TESTABILITY = YES;
				GCC_C_LANGUAGE_STANDARD = gnu99;
				GCC_DYNAMIC_NO_PIC = NO;
				GCC_NO_COMMON_BLOCKS = YES;
				GCC_OPTIMIZATION_LEVEL = 0;
				GCC_PREPROCESSOR_DEFINITIONS = (
					"DEBUG=1",
					"$(inherited)",
				);
				GCC_SYMBOLS_PRIVATE_EXTERN = NO;
				GCC_WARN_64_TO_32_BIT_CONVERSION = YES;
				GCC_WARN_ABOUT_RETURN_TYPE = YES_ERROR;
				GCC_WARN_UNDECLARED_SELECTOR = YES;
				GCC_WARN_UNINITIALIZED_AUTOS = YES_AGGRESSIVE;
				GCC_WARN_UNUSED_FUNCTION = YES;
				GCC_WARN_UNUSED_VARIABLE = YES;
				IPHONEOS_DEPLOYMENT_TARGET = 8.4;
				MTL_ENABLE_DEBUG_INFO = YES;
				ONLY_ACTIVE_ARCH = YES;
				SDKROOT = iphoneos;
				SWIFT_OPTIMIZATION_LEVEL = "-Onone";
			};
			name = Debug;
		};
		C09673DD1B9CA21700A3C66A /* Release */ = {
			isa = XCBuildConfiguration;
			buildSettings = {
				ALWAYS_SEARCH_USER_PATHS = NO;
				CLANG_CXX_LANGUAGE_STANDARD = "gnu++0x";
				CLANG_CXX_LIBRARY = "libc++";
				CLANG_ENABLE_MODULES = YES;
				CLANG_ENABLE_OBJC_ARC = YES;
				CLANG_WARN_BOOL_CONVERSION = YES;
				CLANG_WARN_CONSTANT_CONVERSION = YES;
				CLANG_WARN_DIRECT_OBJC_ISA_USAGE = YES_ERROR;
				CLANG_WARN_EMPTY_BODY = YES;
				CLANG_WARN_ENUM_CONVERSION = YES;
				CLANG_WARN_INT_CONVERSION = YES;
				CLANG_WARN_OBJC_ROOT_CLASS = YES_ERROR;
				CLANG_WARN_UNREACHABLE_CODE = YES;
				CLANG_WARN__DUPLICATE_METHOD_MATCH = YES;
				"CODE_SIGN_IDENTITY[sdk=iphoneos*]" = "iPhone Developer";
				COPY_PHASE_STRIP = NO;
				DEBUG_INFORMATION_FORMAT = "dwarf-with-dsym";
				ENABLE_NS_ASSERTIONS = NO;
				ENABLE_STRICT_OBJC_MSGSEND = YES;
				GCC_C_LANGUAGE_STANDARD = gnu99;
				GCC_NO_COMMON_BLOCKS = YES;
				GCC_WARN_64_TO_32_BIT_CONVERSION = YES;
				GCC_WARN_ABOUT_RETURN_TYPE = YES_ERROR;
				GCC_WARN_UNDECLARED_SELECTOR = YES;
				GCC_WARN_UNINITIALIZED_AUTOS = YES_AGGRESSIVE;
				GCC_WARN_UNUSED_FUNCTION = YES;
				GCC_WARN_UNUSED_VARIABLE = YES;
				IPHONEOS_DEPLOYMENT_TARGET = 8.4;
				MTL_ENABLE_DEBUG_INFO = NO;
				SDKROOT = iphoneos;
				VALIDATE_PRODUCT = YES;
			};
			name = Release;
		};
		C09673DF1B9CA21700A3C66A /* Debug */ = {
			isa = XCBuildConfiguration;
			buildSettings = {
				ASSETCATALOG_COMPILER_APPICON_NAME = AppIcon;
				INFOPLIST_FILE = EasyShare/Info.plist;
				LD_RUNPATH_SEARCH_PATHS = "$(inherited) @executable_path/Frameworks";
				PRODUCT_BUNDLE_IDENTIFIER = "com.appcoda.$(PRODUCT_NAME:rfc1034identifier)";
				PRODUCT_NAME = "$(TARGET_NAME)";
			};
			name = Debug;
		};
		C09673E01B9CA21700A3C66A /* Release */ = {
			isa = XCBuildConfiguration;
			buildSettings = {
				ASSETCATALOG_COMPILER_APPICON_NAME = AppIcon;
				INFOPLIST_FILE = EasyShare/Info.plist;
				LD_RUNPATH_SEARCH_PATHS = "$(inherited) @executable_path/Frameworks";
				PRODUCT_BUNDLE_IDENTIFIER = "com.appcoda.$(PRODUCT_NAME:rfc1034identifier)";
				PRODUCT_NAME = "$(TARGET_NAME)";
			};
			name = Release;
		};
		C09673E21B9CA21700A3C66A /* Debug */ = {
			isa = XCBuildConfiguration;
			buildSettings = {
				BUNDLE_LOADER = "$(TEST_HOST)";
				FRAMEWORK_SEARCH_PATHS = (
					"$(SDKROOT)/Developer/Library/Frameworks",
					"$(inherited)",
				);
				GCC_PREPROCESSOR_DEFINITIONS = (
					"DEBUG=1",
					"$(inherited)",
				);
				INFOPLIST_FILE = EasyShareTests/Info.plist;
				LD_RUNPATH_SEARCH_PATHS = "$(inherited) @executable_path/Frameworks @loader_path/Frameworks";
				PRODUCT_BUNDLE_IDENTIFIER = "com.appcoda.$(PRODUCT_NAME:rfc1034identifier)";
				PRODUCT_NAME = "$(TARGET_NAME)";
				TEST_HOST = "$(BUILT_PRODUCTS_DIR)/EasyShare.app/EasyShare";
			};
			name = Debug;
		};
		C09673E31B9CA21700A3C66A /* Release */ = {
			isa = XCBuildConfiguration;
			buildSettings = {
				BUNDLE_LOADER = "$(TEST_HOST)";
				FRAMEWORK_SEARCH_PATHS = (
					"$(SDKROOT)/Developer/Library/Frameworks",
					"$(inherited)",
				);
				INFOPLIST_FILE = EasyShareTests/Info.plist;
				LD_RUNPATH_SEARCH_PATHS = "$(inherited) @executable_path/Frameworks @loader_path/Frameworks";
				PRODUCT_BUNDLE_IDENTIFIER = "com.appcoda.$(PRODUCT_NAME:rfc1034identifier)";
				PRODUCT_NAME = "$(TARGET_NAME)";
				TEST_HOST = "$(BUILT_PRODUCTS_DIR)/EasyShare.app/EasyShare";
			};
			name = Release;
		};
/* End XCBuildConfiguration section */

/* Begin XCConfigurationList section */
		C09673BA1B9CA21600A3C66A /* Build configuration list for PBXProject "EasyShare" */ = {
			isa = XCConfigurationList;
			buildConfigurations = (
				C09673DC1B9CA21700A3C66A /* Debug */,
				C09673DD1B9CA21700A3C66A /* Release */,
			);
			defaultConfigurationIsVisible = 0;
			defaultConfigurationName = Release;
		};
		C09673DE1B9CA21700A3C66A /* Build configuration list for PBXNativeTarget "EasyShare" */ = {
			isa = XCConfigurationList;
			buildConfigurations = (
				C09673DF1B9CA21700A3C66A /* Debug */,
				C09673E01B9CA21700A3C66A /* Release */,
			);
			defaultConfigurationIsVisible = 0;
			defaultConfigurationName = Release;
		};
		C09673E11B9CA21700A3C66A /* Build configuration list for PBXNativeTarget "EasyShareTests" */ = {
			isa = XCConfigurationList;
			buildConfigurations = (
				C09673E21B9CA21700A3C66A /* Debug */,
				C09673E31B9CA21700A3C66A /* Release */,
			);
			defaultConfigurationIsVisible = 0;
			defaultConfigurationName = Release;
		};
/* End XCConfigurationList section */
	};
	rootObject = C09673B71B9CA21600A3C66A /* Project object */;
}
